
Microsoft Visual Studio Solution File, Format Version 12.00
# Visual Studio Version 16
VisualStudioVersion = 16.0.31321.278
MinimumVisualStudioVersion = 10.0.40219.1
Project("{FAE04EC0-301F-11D3-BF4B-00C04F79EFBC}") = "Projekt_ST", "Projekt_ST\Projekt_ST.csproj", "{DE8CDCD6-2663-4A1A-983C-C7789E8DA2AA}"
EndProject
Global
	GlobalSection(SolutionConfigurationPlatforms) = preSolution
		Debug|Any CPU = Debug|Any CPU
		Release|Any CPU = Release|Any CPU
	EndGlobalSection
	GlobalSection(ProjectConfigurationPlatforms) = postSolution
		{DE8CDCD6-2663-4A1A-983C-C7789E8DA2AA}.Debug|Any CPU.ActiveCfg = Debug|Any CPU
		{DE8CDCD6-2663-4A1A-983C-C7789E8DA2AA}.Debug|Any CPU.Build.0 = Debug|Any CPU
		{DE8CDCD6-2663-4A1A-983C-C7789E8DA2AA}.Release|Any CPU.ActiveCfg = Release|Any CPU
		{DE8CDCD6-2663-4A1A-983C-C7789E8DA2AA}.Release|Any CPU.Build.0 = Release|Any CPU
	EndGlobalSection
	GlobalSection(SolutionProperties) = preSolution
		HideSolutionNode = FALSE
	EndGlobalSection
	GlobalSection(ExtensibilityGlobals) = postSolution
		SolutionGuid = {82976612-80CC-4888-83CB-44802A0D7000}
	EndGlobalSection
EndGlobal
